
Microsoft Visual Studio Solution File, Format Version 12.00
# Visual Studio Version 16
VisualStudioVersion = 16.0.29512.175
MinimumVisualStudioVersion = 10.0.40219.1
Project("{FAE04EC0-301F-11D3-BF4B-00C04F79EFBC}") = "BlazorAuth", "BlazorAuth\BlazorAuth.csproj", "{EB889F4D-6B57-45B9-A049-F115C5A4AD50}"
EndProject
Global
	GlobalSection(SolutionConfigurationPlatforms) = preSolution
		Debug|Any CPU = Debug|Any CPU
		Release|Any CPU = Release|Any CPU
	EndGlobalSection
	GlobalSection(ProjectConfigurationPlatforms) = postSolution
		{EB889F4D-6B57-45B9-A049-F115C5A4AD50}.Debug|Any CPU.ActiveCfg = Debug|Any CPU
		{EB889F4D-6B57-45B9-A049-F115C5A4AD50}.Debug|Any CPU.Build.0 = Debug|Any CPU
		{EB889F4D-6B57-45B9-A049-F115C5A4AD50}.Release|Any CPU.ActiveCfg = Release|Any CPU
		{EB889F4D-6B57-45B9-A049-F115C5A4AD50}.Release|Any CPU.Build.0 = Release|Any CPU
	EndGlobalSection
	GlobalSection(SolutionProperties) = preSolution
		HideSolutionNode = FALSE
	EndGlobalSection
	GlobalSection(ExtensibilityGlobals) = postSolution
		SolutionGuid = {D53D44A3-60D8-4AC0-9610-E3E289ED2C33}
	EndGlobalSection
EndGlobal
